# This file is autogenerated, do not edit; changes may be undone by the next 'dep ensure'.


[[projects]]
  branch = "master"
  name = "github.com/frankh/crypto"
  packages = [
    "blake2b",
    "ed25519",
    "ed25519/internal/edwards25519"
  ]
  revision = "73551c681a6f9b50994b351ed805634effbf5645"

[[projects]]
  branch = "master"
  name = "github.com/frankh/nano"
  packages = [
    "address",
    "types",
    "utils"
  ]
  revision = "1b510c2479605ad13aad4718c1ac875e3041fb2a"

[[projects]]
  branch = "master"
  name = "github.com/golang/crypto"
  packages = ["blake2b"]
  revision = "5ba7f63082460102a45837dbd1827e10f9479ac0"

[[projects]]
  name = "github.com/urfave/cli"
  packages = ["."]
  revision = "cfb38830724cc34fedffe9a2a29fb54fa9169cd1"
  version = "v1.20.0"

[[projects]]
  branch = "master"
  name = "golang.org/x/sys"
  packages = ["cpu"]
  revision = "c11f84a56e43e20a78cee75a7c034031ecf57d1f"

[solve-meta]
  analyzer-name = "dep"
  analyzer-version = 1
  inputs-digest = "4ee5d572ae4e30ab2e431d43f35ee99c48d23fb6c6b46540e54be5db3299648f"
  solver-name = "gps-cdcl"
  solver-version = 1
